
Microsoft Visual Studio Solution File, Format Version 12.00
# Visual Studio Version 17
VisualStudioVersion = 17.14.36518.9
MinimumVisualStudioVersion = 10.0.40219.1
Project("{2150E333-8FDC-42A3-9474-1A3956D46DE8}") = "src", "src", "{02EA681E-C7D8-13C7-8484-4AC65E1B71E8}"
EndProject
Project("{2150E333-8FDC-42A3-9474-1A3956D46DE8}") = "01.Domain", "01.Domain", "{45D64A52-06C8-4BA2-85DD-8FE3EF125369}"
EndProject
Project("{2150E333-8FDC-42A3-9474-1A3956D46DE8}") = "02.Infrastructure", "02.Infrastructure", "{C27AA952-8099-4802-A90F-354F73EBD277}"
EndProject
Project("{2150E333-8FDC-42A3-9474-1A3956D46DE8}") = "03.Presentation", "03.Presentation", "{5570642B-B075-44FE-8C67-EB6AC97467C5}"
EndProject
Project("{2150E333-8FDC-42A3-9474-1A3956D46DE8}") = "Core", "Core", "{D703A376-FBD0-4F67-B2AF-8DAF13D1B20B}"
EndProject
Project("{2150E333-8FDC-42A3-9474-1A3956D46DE8}") = "Services", "Services", "{FA7A1964-E55E-4318-922B-95BC402FF3FF}"
EndProject
Project("{2150E333-8FDC-42A3-9474-1A3956D46DE8}") = "DataAccess", "DataAccess", "{E043E3CD-AB76-43EA-A8CD-4920585BF3C2}"
EndProject
Project("{2150E333-8FDC-42A3-9474-1A3956D46DE8}") = "Db", "Db", "{8360257A-EF54-4D91-9A68-B9D6ACD24591}"
EndProject
Project("{FAE04EC0-301F-11D3-BF4B-00C04F79EFBC}") = "App.Domain.Core", "src\01.Domain\Core\App.Domain.Core\App.Domain.Core.csproj", "{748DB92D-D524-47D2-B7EE-2D3DE403118F}"
EndProject
Project("{FAE04EC0-301F-11D3-BF4B-00C04F79EFBC}") = "App.Domain.Services", "src\01.Domain\Services\App.Domain.Services\App.Domain.Services.csproj", "{BD9BA662-6FE1-4DD9-ACD9-DB5B5C3D4BD0}"
EndProject
Project("{FAE04EC0-301F-11D3-BF4B-00C04F79EFBC}") = "App.Domain.AppServices", "src\01.Domain\Services\App.Domain.AppServices\App.Domain.AppServices.csproj", "{F9275CD8-B1E5-4A20-A612-4C384C7EF871}"
EndProject
Project("{FAE04EC0-301F-11D3-BF4B-00C04F79EFBC}") = "App.Infra.Data.Repos.Ef", "src\02.Infrastructure\DataAccess\App.Infra.Data.Repos.Ef\App.Infra.Data.Repos.Ef.csproj", "{F2AE8541-9B59-4560-B110-A6C2B8E70831}"
EndProject
Project("{FAE04EC0-301F-11D3-BF4B-00C04F79EFBC}") = "App.Infra.Db.SqlServer.Ef", "src\02.Infrastructure\Db\App.Infra.Db.SqlServer.Ef\App.Infra.Db.SqlServer.Ef.csproj", "{83E1BAFE-6D05-4878-86CE-918968CA42F1}"
EndProject
Project("{FAE04EC0-301F-11D3-BF4B-00C04F79EFBC}") = "App.EndPoints.MVC.HomeService", "src\03.Presentation\App.EndPoints.MVC.HomeService\App.EndPoints.MVC.HomeService.csproj", "{860A6B6E-3CC2-4345-ABDD-BDDCD7FD4E5F}"
EndProject
Project("{2150E333-8FDC-42A3-9474-1A3956D46DE8}") = "00.Framework", "00.Framework", "{74E5E123-8276-4EC0-9D93-C019763B9A13}"
EndProject
Project("{FAE04EC0-301F-11D3-BF4B-00C04F79EFBC}") = "App.Framework", "src\00.Framework\App.Framework\App.Framework.csproj", "{55492A72-CFF0-4942-80F8-C8EEBDC16545}"
EndProject
Global
	GlobalSection(SolutionConfigurationPlatforms) = preSolution
		Debug|Any CPU = Debug|Any CPU
		Release|Any CPU = Release|Any CPU
	EndGlobalSection
	GlobalSection(ProjectConfigurationPlatforms) = postSolution
		{748DB92D-D524-47D2-B7EE-2D3DE403118F}.Debug|Any CPU.ActiveCfg = Debug|Any CPU
		{748DB92D-D524-47D2-B7EE-2D3DE403118F}.Debug|Any CPU.Build.0 = Debug|Any CPU
		{748DB92D-D524-47D2-B7EE-2D3DE403118F}.Release|Any CPU.ActiveCfg = Release|Any CPU
		{748DB92D-D524-47D2-B7EE-2D3DE403118F}.Release|Any CPU.Build.0 = Release|Any CPU
		{BD9BA662-6FE1-4DD9-ACD9-DB5B5C3D4BD0}.Debug|Any CPU.ActiveCfg = Debug|Any CPU
		{BD9BA662-6FE1-4DD9-ACD9-DB5B5C3D4BD0}.Debug|Any CPU.Build.0 = Debug|Any CPU
		{BD9BA662-6FE1-4DD9-ACD9-DB5B5C3D4BD0}.Release|Any CPU.ActiveCfg = Release|Any CPU
		{BD9BA662-6FE1-4DD9-ACD9-DB5B5C3D4BD0}.Release|Any CPU.Build.0 = Release|Any CPU
		{F9275CD8-B1E5-4A20-A612-4C384C7EF871}.Debug|Any CPU.ActiveCfg = Debug|Any CPU
		{F9275CD8-B1E5-4A20-A612-4C384C7EF871}.Debug|Any CPU.Build.0 = Debug|Any CPU
		{F9275CD8-B1E5-4A20-A612-4C384C7EF871}.Release|Any CPU.ActiveCfg = Release|Any CPU
		{F9275CD8-B1E5-4A20-A612-4C384C7EF871}.Release|Any CPU.Build.0 = Release|Any CPU
		{F2AE8541-9B59-4560-B110-A6C2B8E70831}.Debug|Any CPU.ActiveCfg = Debug|Any CPU
		{F2AE8541-9B59-4560-B110-A6C2B8E70831}.Debug|Any CPU.Build.0 = Debug|Any CPU
		{F2AE8541-9B59-4560-B110-A6C2B8E70831}.Release|Any CPU.ActiveCfg = Release|Any CPU
		{F2AE8541-9B59-4560-B110-A6C2B8E70831}.Release|Any CPU.Build.0 = Release|Any CPU
		{83E1BAFE-6D05-4878-86CE-918968CA42F1}.Debug|Any CPU.ActiveCfg = Debug|Any CPU
		{83E1BAFE-6D05-4878-86CE-918968CA42F1}.Debug|Any CPU.Build.0 = Debug|Any CPU
		{83E1BAFE-6D05-4878-86CE-918968CA42F1}.Release|Any CPU.ActiveCfg = Release|Any CPU
		{83E1BAFE-6D05-4878-86CE-918968CA42F1}.Release|Any CPU.Build.0 = Release|Any CPU
		{860A6B6E-3CC2-4345-ABDD-BDDCD7FD4E5F}.Debug|Any CPU.ActiveCfg = Debug|Any CPU
		{860A6B6E-3CC2-4345-ABDD-BDDCD7FD4E5F}.Debug|Any CPU.Build.0 = Debug|Any CPU
		{860A6B6E-3CC2-4345-ABDD-BDDCD7FD4E5F}.Release|Any CPU.ActiveCfg = Release|Any CPU
		{860A6B6E-3CC2-4345-ABDD-BDDCD7FD4E5F}.Release|Any CPU.Build.0 = Release|Any CPU
		{55492A72-CFF0-4942-80F8-C8EEBDC16545}.Debug|Any CPU.ActiveCfg = Debug|Any CPU
		{55492A72-CFF0-4942-80F8-C8EEBDC16545}.Debug|Any CPU.Build.0 = Debug|Any CPU
		{55492A72-CFF0-4942-80F8-C8EEBDC16545}.Release|Any CPU.ActiveCfg = Release|Any CPU
		{55492A72-CFF0-4942-80F8-C8EEBDC16545}.Release|Any CPU.Build.0 = Release|Any CPU
	EndGlobalSection
	GlobalSection(SolutionProperties) = preSolution
		HideSolutionNode = FALSE
	EndGlobalSection
	GlobalSection(NestedProjects) = preSolution
		{45D64A52-06C8-4BA2-85DD-8FE3EF125369} = {02EA681E-C7D8-13C7-8484-4AC65E1B71E8}
		{C27AA952-8099-4802-A90F-354F73EBD277} = {02EA681E-C7D8-13C7-8484-4AC65E1B71E8}
		{5570642B-B075-44FE-8C67-EB6AC97467C5} = {02EA681E-C7D8-13C7-8484-4AC65E1B71E8}
		{D703A376-FBD0-4F67-B2AF-8DAF13D1B20B} = {45D64A52-06C8-4BA2-85DD-8FE3EF125369}
		{FA7A1964-E55E-4318-922B-95BC402FF3FF} = {45D64A52-06C8-4BA2-85DD-8FE3EF125369}
		{E043E3CD-AB76-43EA-A8CD-4920585BF3C2} = {C27AA952-8099-4802-A90F-354F73EBD277}
		{8360257A-EF54-4D91-9A68-B9D6ACD24591} = {C27AA952-8099-4802-A90F-354F73EBD277}
		{748DB92D-D524-47D2-B7EE-2D3DE403118F} = {D703A376-FBD0-4F67-B2AF-8DAF13D1B20B}
		{BD9BA662-6FE1-4DD9-ACD9-DB5B5C3D4BD0} = {FA7A1964-E55E-4318-922B-95BC402FF3FF}
		{F9275CD8-B1E5-4A20-A612-4C384C7EF871} = {FA7A1964-E55E-4318-922B-95BC402FF3FF}
		{F2AE8541-9B59-4560-B110-A6C2B8E70831} = {E043E3CD-AB76-43EA-A8CD-4920585BF3C2}
		{83E1BAFE-6D05-4878-86CE-918968CA42F1} = {8360257A-EF54-4D91-9A68-B9D6ACD24591}
		{860A6B6E-3CC2-4345-ABDD-BDDCD7FD4E5F} = {5570642B-B075-44FE-8C67-EB6AC97467C5}
		{74E5E123-8276-4EC0-9D93-C019763B9A13} = {02EA681E-C7D8-13C7-8484-4AC65E1B71E8}
		{55492A72-CFF0-4942-80F8-C8EEBDC16545} = {74E5E123-8276-4EC0-9D93-C019763B9A13}
	EndGlobalSection
	GlobalSection(ExtensibilityGlobals) = postSolution
		SolutionGuid = {2CE6850F-D2F0-48A9-967D-E7A32C3937BC}
	EndGlobalSection
EndGlobal
